// !$*UTF8*$!
{
	archiveVersion = 1;
	classes = {
	};
	objectVersion = 46;
	objects = {

/* Begin PBXBuildFile section */
		24292A9D1CE57CE9002EFA38 /* main.m in Sources */ = {isa = PBXBuildFile; fileRef = 24292A9C1CE57CE9002EFA38 /* main.m */; };
		24292AA01CE57CE9002EFA38 /* AppDelegate.m in Sources */ = {isa = PBXBuildFile; fileRef = 24292A9F1CE57CE9002EFA38 /* AppDelegate.m */; };
		24292AA31CE57CE9002EFA38 /* ViewController.m in Sources */ = {isa = PBXBuildFile; fileRef = 24292AA21CE57CE9002EFA38 /* ViewController.m */; };
		24292AA61CE57CE9002EFA38 /* Main.storyboard in Resources */ = {isa = PBXBuildFile; fileRef = 24292AA41CE57CE9002EFA38 /* Main.storyboard */; };
		24292AA81CE57CE9002EFA38 /* Assets.xcassets in Resources */ = {isa = PBXBuildFile; fileRef = 24292AA71CE57CE9002EFA38 /* Assets.xcassets */; };
		24292AAB1CE57CE9002EFA38 /* LaunchScreen.storyboard in Resources */ = {isa = PBXBuildFile; fileRef = 24292AA91CE57CE9002EFA38 /* LaunchScreen.storyboard */; };
		24292AB61CE57CE9002EFA38 /* SZPresentControllerDemoTests.m in Sources */ = {isa = PBXBuildFile; fileRef = 24292AB51CE57CE9002EFA38 /* SZPresentControllerDemoTests.m */; };
		24292AC11CE57CE9002EFA38 /* SZPresentControllerDemoUITests.m in Sources */ = {isa = PBXBuildFile; fileRef = 24292AC01CE57CE9002EFA38 /* SZPresentControllerDemoUITests.m */; };
		24292AD11CE57E19002EFA38 /* SZPresentController.m in Sources */ = {isa = PBXBuildFile; fileRef = 24292AD01CE57E19002EFA38 /* SZPresentController.m */; };
/* End PBXBuildFile section */

/* Begin PBXContainerItemProxy section */
		24292AB21CE57CE9002EFA38 /* PBXContainerItemProxy */ = {
			isa = PBXContainerItemProxy;
			containerPortal = 24292A901CE57CE9002EFA38 /* Project object */;
			proxyType = 1;
			remoteGlobalIDString = 24292A971CE57CE9002EFA38;
			remoteInfo = SZPresentControllerDemo;
		};
		24292ABD1CE57CE9002EFA38 /* PBXContainerItemProxy */ = {
			isa = PBXContainerItemProxy;
			containerPortal = 24292A901CE57CE9002EFA38 /* Project object */;
			proxyType = 1;
			remoteGlobalIDString = 24292A971CE57CE9002EFA38;
			remoteInfo = SZPresentControllerDemo;
		};
/* End PBXContainerItemProxy section */

/* Begin PBXFileReference section */
		24292A981CE57CE9002EFA38 /* SZPresentControllerDemo.app */ = {isa = PBXFileReference; explicitFileType = wrapper.application; includeInIndex = 0; path = SZPresentControllerDemo.app; sourceTree = BUILT_PRODUCTS_DIR; };
		24292A9C1CE57CE9002EFA38 /* main.m */ = {isa = PBXFileReference; lastKnownFileType = sourcecode.c.objc; path = main.m; sourceTree = "<group>"; };
		24292A9E1CE57CE9002EFA38 /* AppDelegate.h */ = {isa = PBXFileReference; lastKnownFileType = sourcecode.c.h; path = AppDelegate.h; sourceTree = "<group>"; };
		24292A9F1CE57CE9002EFA38 /* AppDelegate.m */ = {isa = PBXFileReference; lastKnownFileType = sourcecode.c.objc; path = AppDelegate.m; sourceTree = "<group>"; };
		24292AA11CE57CE9002EFA38 /* ViewController.h */ = {isa = PBXFileReference; lastKnownFileType = sourcecode.c.h; path = ViewController.h; sourceTree = "<group>"; };
		24292AA21CE57CE9002EFA38 /* ViewController.m */ = {isa = PBXFileReference; lastKnownFileType = sourcecode.c.objc; path = ViewController.m; sourceTree = "<group>"; };
		24292AA51CE57CE9002EFA38 /* Base */ = {isa = PBXFileReference; lastKnownFileType = file.storyboard; name = Base; path = Base.lproj/Main.storyboard; sourceTree = "<group>"; };
		24292AA71CE57CE9002EFA38 /* Assets.xcassets */ = {isa = PBXFileReference; lastKnownFileType = folder.assetcatalog; path = Assets.xcassets; sourceTree = "<group>"; };
		24292AAA1CE57CE9002EFA38 /* Base */ = {isa = PBXFileReference; lastKnownFileType = file.storyboard; name = Base; path = Base.lproj/LaunchScreen.storyboard; sourceTree = "<group>"; };
		24292AAC1CE57CE9002EFA38 /* Info.plist */ = {isa = PBXFileReference; lastKnownFileType = text.plist.xml; path = Info.plist; sourceTree = "<group>"; };
		24292AB11CE57CE9002EFA38 /* SZPresentControllerDemoTests.xctest */ = {isa = PBXFileReference; explicitFileType = wrapper.cfbundle; includeInIndex = 0; path = SZPresentControllerDemoTests.xctest; sourceTree = BUILT_PRODUCTS_DIR; };
		24292AB51CE57CE9002EFA38 /* SZPresentControllerDemoTests.m */ = {isa = PBXFileReference; lastKnownFileType = sourcecode.c.objc; path = SZPresentControllerDemoTests.m; sourceTree = "<group>"; };
		24292AB71CE57CE9002EFA38 /* Info.plist */ = {isa = PBXFileReference; lastKnownFileType = text.plist.xml; path = Info.plist; sourceTree = "<group>"; };
		24292ABC1CE57CE9002EFA38 /* SZPresentControllerDemoUITests.xctest */ = {isa = PBXFileReference; explicitFileType = wrapper.cfbundle; includeInIndex = 0; path = SZPresentControllerDemoUITests.xctest; sourceTree = BUILT_PRODUCTS_DIR; };
		24292AC01CE57CE9002EFA38 /* SZPresentControllerDemoUITests.m */ = {isa = PBXFileReference; lastKnownFileType = sourcecode.c.objc; path = SZPresentControllerDemoUITests.m; sourceTree = "<group>"; };
		24292AC21CE57CE9002EFA38 /* Info.plist */ = {isa = PBXFileReference; lastKnownFileType = text.plist.xml; path = Info.plist; sourceTree = "<group>"; };
		24292ACF1CE57E19002EFA38 /* SZPresentController.h */ = {isa = PBXFileReference; fileEncoding = 4; lastKnownFileType = sourcecode.c.h; path = SZPresentController.h; sourceTree = "<group>"; };
		24292AD01CE57E19002EFA38 /* SZPresentController.m */ = {isa = PBXFileReference; fileEncoding = 4; lastKnownFileType = sourcecode.c.objc; path = SZPresentController.m; sourceTree = "<group>"; };
/* End PBXFileReference section */

/* Begin PBXFrameworksBuildPhase section */
		24292A951CE57CE9002EFA38 /* Frameworks */ = {
			isa = PBXFrameworksBuildPhase;
			buildActionMask = 2147483647;
			files = (
			);
			runOnlyForDeploymentPostprocessing = 0;
		};
		24292AAE1CE57CE9002EFA38 /* Frameworks */ = {
			isa = PBXFrameworksBuildPhase;
			buildActionMask = 2147483647;
			files = (
			);
			runOnlyForDeploymentPostprocessing = 0;
		};
		24292AB91CE57CE9002EFA38 /* Frameworks */ = {
			isa = PBXFrameworksBuildPhase;
			buildActionMask = 2147483647;
			files = (
			);
			runOnlyForDeploymentPostprocessing = 0;
		};
/* End PBXFrameworksBuildPhase section */

/* Begin PBXGroup section */
		24292A8F1CE57CE9002EFA38 = {
			isa = PBXGroup;
			children = (
				24292ACE1CE57E19002EFA38 /* SZPresentController */,
				24292A9A1CE57CE9002EFA38 /* SZPresentControllerDemo */,
				24292AB41CE57CE9002EFA38 /* SZPresentControllerDemoTests */,
				24292ABF1CE57CE9002EFA38 /* SZPresentControllerDemoUITests */,
				24292A991CE57CE9002EFA38 /* Products */,
			);
			sourceTree = "<group>";
		};
		24292A991CE57CE9002EFA38 /* Products */ = {
			isa = PBXGroup;
			children = (
				24292A981CE57CE9002EFA38 /* SZPresentControllerDemo.app */,
				24292AB11CE57CE9002EFA38 /* SZPresentControllerDemoTests.xctest */,
				24292ABC1CE57CE9002EFA38 /* SZPresentControllerDemoUITests.xctest */,
			);
			name = Products;
			sourceTree = "<group>";
		};
		24292A9A1CE57CE9002EFA38 /* SZPresentControllerDemo */ = {
			isa = PBXGroup;
			children = (
				24292A9E1CE57CE9002EFA38 /* AppDelegate.h */,
				24292A9F1CE57CE9002EFA38 /* AppDelegate.m */,
				24292AA11CE57CE9002EFA38 /* ViewController.h */,
				24292AA21CE57CE9002EFA38 /* ViewController.m */,
				24292AA41CE57CE9002EFA38 /* Main.storyboard */,
				24292AA71CE57CE9002EFA38 /* Assets.xcassets */,
				24292AA91CE57CE9002EFA38 /* LaunchScreen.storyboard */,
				24292AAC1CE57CE9002EFA38 /* Info.plist */,
				24292A9B1CE57CE9002EFA38 /* Supporting Files */,
			);
			path = SZPresentControllerDemo;
			sourceTree = "<group>";
		};
		24292A9B1CE57CE9002EFA38 /* Supporting Files */ = {
			isa = PBXGroup;
			children = (
				24292A9C1CE57CE9002EFA38 /* main.m */,
			);
			name = "Supporting Files";
			sourceTree = "<group>";
		};
		24292AB41CE57CE9002EFA38 /* SZPresentControllerDemoTests */ = {
			isa = PBXGroup;
			children = (
				24292AB51CE57CE9002EFA38 /* SZPresentControllerDemoTests.m */,
				24292AB71CE57CE9002EFA38 /* Info.plist */,
			);
			path = SZPresentControllerDemoTests;
			sourceTree = "<group>";
		};
		24292ABF1CE57CE9002EFA38 /* SZPresentControllerDemoUITests */ = {
			isa = PBXGroup;
			children = (
				24292AC01CE57CE9002EFA38 /* SZPresentControllerDemoUITests.m */,
				24292AC21CE57CE9002EFA38 /* Info.plist */,
			);
			path = SZPresentControllerDemoUITests;
			sourceTree = "<group>";
		};
		24292ACE1CE57E19002EFA38 /* SZPresentController */ = {
			isa = PBXGroup;
			children = (
				24292ACF1CE57E19002EFA38 /* SZPresentController.h */,
				24292AD01CE57E19002EFA38 /* SZPresentController.m */,
			);
			name = SZPresentController;
			path = ../SZPresentController;
			sourceTree = "<group>";
		};
/* End PBXGroup section */

/* Begin PBXNativeTarget section */
		24292A971CE57CE9002EFA38 /* SZPresentControllerDemo */ = {
			isa = PBXNativeTarget;
			buildConfigurationList = 24292AC51CE57CE9002EFA38 /* Build configuration list for PBXNativeTarget "SZPresentControllerDemo" */;
			buildPhases = (
				24292A941CE57CE9002EFA38 /* Sources */,
				24292A951CE57CE9002EFA38 /* Frameworks */,
				24292A961CE57CE9002EFA38 /* Resources */,
			);
			buildRules = (
			);
			dependencies = (
			);
			name = SZPresentControllerDemo;
			productName = SZPresentControllerDemo;
			productReference = 24292A981CE57CE9002EFA38 /* SZPresentControllerDemo.app */;
			productType = "com.apple.product-type.application";
		};
		24292AB01CE57CE9002EFA38 /* SZPresentControllerDemoTests */ = {
			isa = PBXNativeTarget;
			buildConfigurationList = 24292AC81CE57CE9002EFA38 /* Build configuration list for PBXNativeTarget "SZPresentControllerDemoTests" */;
			buildPhases = (
				24292AAD1CE57CE9002EFA38 /* Sources */,
				24292AAE1CE57CE9002EFA38 /* Frameworks */,
				24292AAF1CE57CE9002EFA38 /* Resources */,
			);
			buildRules = (
			);
			dependencies = (
				24292AB31CE57CE9002EFA38 /* PBXTargetDependency */,
			);
			name = SZPresentControllerDemoTests;
			productName = SZPresentControllerDemoTests;
			productReference = 24292AB11CE57CE9002EFA38 /* SZPresentControllerDemoTests.xctest */;
			productType = "com.apple.product-type.bundle.unit-test";
		};
		24292ABB1CE57CE9002EFA38 /* SZPresentControllerDemoUITests */ = {
			isa = PBXNativeTarget;
			buildConfigurationList = 24292ACB1CE57CE9002EFA38 /* Build configuration list for PBXNativeTarget "SZPresentControllerDemoUITests" */;
			buildPhases = (
				24292AB81CE57CE9002EFA38 /* Sources */,
				24292AB91CE57CE9002EFA38 /* Frameworks */,
				24292ABA1CE57CE9002EFA38 /* Resources */,
			);
			buildRules = (
			);
			dependencies = (
				24292ABE1CE57CE9002EFA38 /* PBXTargetDependency */,
			);
			name = SZPresentControllerDemoUITests;
			productName = SZPresentControllerDemoUITests;
			productReference = 24292ABC1CE57CE9002EFA38 /* SZPresentControllerDemoUITests.xctest */;
			productType = "com.apple.product-type.bundle.ui-testing";
		};
/* End PBXNativeTarget section */

/* Begin PBXProject section */
		24292A901CE57CE9002EFA38 /* Project object */ = {
			isa = PBXProject;
			attributes = {
				LastUpgradeCheck = 0730;
				ORGANIZATIONNAME = shengzhichen;
				TargetAttributes = {
					24292A971CE57CE9002EFA38 = {
						CreatedOnToolsVersion = 7.3;
					};
					24292AB01CE57CE9002EFA38 = {
						CreatedOnToolsVersion = 7.3;
						TestTargetID = 24292A971CE57CE9002EFA38;
					};
					24292ABB1CE57CE9002EFA38 = {
						CreatedOnToolsVersion = 7.3;
						TestTargetID = 24292A971CE57CE9002EFA38;
					};
				};
			};
			buildConfigurationList = 24292A931CE57CE9002EFA38 /* Build configuration list for PBXProject "SZPresentControllerDemo" */;
			compatibilityVersion = "Xcode 3.2";
			developmentRegion = English;
			hasScannedForEncodings = 0;
			knownRegions = (
				en,
				Base,
			);
			mainGroup = 24292A8F1CE57CE9002EFA38;
			productRefGroup = 24292A991CE57CE9002EFA38 /* Products */;
			projectDirPath = "";
			projectRoot = "";
			targets = (
				24292A971CE57CE9002EFA38 /* SZPresentControllerDemo */,
				24292AB01CE57CE9002EFA38 /* SZPresentControllerDemoTests */,
				24292ABB1CE57CE9002EFA38 /* SZPresentControllerDemoUITests */,
			);
		};
/* End PBXProject section */

/* Begin PBXResourcesBuildPhase section */
		24292A961CE57CE9002EFA38 /* Resources */ = {
			isa = PBXResourcesBuildPhase;
			buildActionMask = 2147483647;
			files = (
				24292AAB1CE57CE9002EFA38 /* LaunchScreen.storyboard in Resources */,
				24292AA81CE57CE9002EFA38 /* Assets.xcassets in Resources */,
				24292AA61CE57CE9002EFA38 /* Main.storyboard in Resources */,
			);
			runOnlyForDeploymentPostprocessing = 0;
		};
		24292AAF1CE57CE9002EFA38 /* Resources */ = {
			isa = PBXResourcesBuildPhase;
			buildActionMask = 2147483647;
			files = (
			);
			runOnlyForDeploymentPostprocessing = 0;
		};
		24292ABA1CE57CE9002EFA38 /* Resources */ = {
			isa = PBXResourcesBuildPhase;
			buildActionMask = 2147483647;
			files = (
			);
			runOnlyForDeploymentPostprocessing = 0;
		};
/* End PBXResourcesBuildPhase section */

/* Begin PBXSourcesBuildPhase section */
		24292A941CE57CE9002EFA38 /* Sources */ = {
			isa = PBXSourcesBuildPhase;
			buildActionMask = 2147483647;
			files = (
				24292AA31CE57CE9002EFA38 /* ViewController.m in Sources */,
				24292AA01CE57CE9002EFA38 /* AppDelegate.m in Sources */,
				24292AD11CE57E19002EFA38 /* SZPresentController.m in Sources */,
				24292A9D1CE57CE9002EFA38 /* main.m in Sources */,
			);
			runOnlyForDeploymentPostprocessing = 0;
		};
		24292AAD1CE57CE9002EFA38 /* Sources */ = {
			isa = PBXSourcesBuildPhase;
			buildActionMask = 2147483647;
			files = (
				24292AB61CE57CE9002EFA38 /* SZPresentControllerDemoTests.m in Sources */,
			);
			runOnlyForDeploymentPostprocessing = 0;
		};
		24292AB81CE57CE9002EFA38 /* Sources */ = {
			isa = PBXSourcesBuildPhase;
			buildActionMask = 2147483647;
			files = (
				24292AC11CE57CE9002EFA38 /* SZPresentControllerDemoUITests.m in Sources */,
			);
			runOnlyForDeploymentPostprocessing = 0;
		};
/* End PBXSourcesBuildPhase section */

/* Begin PBXTargetDependency section */
		24292AB31CE57CE9002EFA38 /* PBXTargetDependency */ = {
			isa = PBXTargetDependency;
			target = 24292A971CE57CE9002EFA38 /* SZPresentControllerDemo */;
			targetProxy = 24292AB21CE57CE9002EFA38 /* PBXContainerItemProxy */;
		};
		24292ABE1CE57CE9002EFA38 /* PBXTargetDependency */ = {
			isa = PBXTargetDependency;
			target = 24292A971CE57CE9002EFA38 /* SZPresentControllerDemo */;
			targetProxy = 24292ABD1CE57CE9002EFA38 /* PBXContainerItemProxy */;
		};
/* End PBXTargetDependency section */

/* Begin PBXVariantGroup section */
		24292AA41CE57CE9002EFA38 /* Main.storyboard */ = {
			isa = PBXVariantGroup;
			children = (
				24292AA51CE57CE9002EFA38 /* Base */,
			);
			name = Main.storyboard;
			sourceTree = "<group>";
		};
		24292AA91CE57CE9002EFA38 /* LaunchScreen.storyboard */ = {
			isa = PBXVariantGroup;
			children = (
				24292AAA1CE57CE9002EFA38 /* Base */,
			);
			name = LaunchScreen.storyboard;
			sourceTree = "<group>";
		};
/* End PBXVariantGroup section */

/* Begin XCBuildConfiguration section */
		24292AC31CE57CE9002EFA38 /* Debug */ = {
			isa = XCBuildConfiguration;
			buildSettings = {
				ALWAYS_SEARCH_USER_PATHS = NO;
				CLANG_ANALYZER_NONNULL = YES;
				CLANG_CXX_LANGUAGE_STANDARD = "gnu++0x";
				CLANG_CXX_LIBRARY = "libc++";
				CLANG_ENABLE_MODULES = YES;
				CLANG_ENABLE_OBJC_ARC = YES;
				CLANG_WARN_BOOL_CONVERSION = YES;
				CLANG_WARN_CONSTANT_CONVERSION = YES;
				CLANG_WARN_DIRECT_OBJC_ISA_USAGE = YES_ERROR;
				CLANG_WARN_EMPTY_BODY = YES;
				CLANG_WARN_ENUM_CONVERSION = YES;
				CLANG_WARN_INT_CONVERSION = YES;
				CLANG_WARN_OBJC_ROOT_CLASS = YES_ERROR;
				CLANG_WARN_UNREACHABLE_CODE = YES;
				CLANG_WARN__DUPLICATE_METHOD_MATCH = YES;
				"CODE_SIGN_IDENTITY[sdk=iphoneos*]" = "iPhone Developer";
				COPY_PHASE_STRIP = NO;
				DEBUG_INFORMATION_FORMAT = dwarf;
				ENABLE_STRICT_OBJC_MSGSEND = YES;
				ENABLE_TESTABILITY = YES;
				GCC_C_LANGUAGE_STANDARD = gnu99;
				GCC_DYNAMIC_NO_PIC = NO;
				GCC_NO_COMMON_BLOCKS = YES;
				GCC_OPTIMIZATION_LEVEL = 0;
				GCC_PREPROCESSOR_DEFINITIONS = (
					"DEBUG=1",
					"$(inherited)",
				);
				GCC_WARN_64_TO_32_BIT_CONVERSION = YES;
				GCC_WARN_ABOUT_RETURN_TYPE = YES_ERROR;
				GCC_WARN_UNDECLARED_SELECTOR = YES;
				GCC_WARN_UNINITIALIZED_AUTOS = YES_AGGRESSIVE;
				GCC_WARN_UNUSED_FUNCTION = YES;
				GCC_WARN_UNUSED_VARIABLE = YES;
				IPHONEOS_DEPLOYMENT_TARGET = 8.0;
				MTL_ENABLE_DEBUG_INFO = YES;
				ONLY_ACTIVE_ARCH = YES;
				SDKROOT = iphoneos;
				TARGETED_DEVICE_FAMILY = "1,2";
			};
			name = Debug;
		};
		24292AC41CE57CE9002EFA38 /* Release */ = {
			isa = XCBuildConfiguration;
			buildSettings = {
				ALWAYS_SEARCH_USER_PATHS = NO;
				CLANG_ANALYZER_NONNULL = YES;
				CLANG_CXX_LANGUAGE_STANDARD = "gnu++0x";
				CLANG_CXX_LIBRARY = "libc++";
				CLANG_ENABLE_MODULES = YES;
				CLANG_ENABLE_OBJC_ARC = YES;
				CLANG_WARN_BOOL_CONVERSION = YES;
				CLANG_WARN_CONSTANT_CONVERSION = YES;
				CLANG_WARN_DIRECT_OBJC_ISA_USAGE = YES_ERROR;
				CLANG_WARN_EMPTY_BODY = YES;
				CLANG_WARN_ENUM_CONVERSION = YES;
				CLANG_WARN_INT_CONVERSION = YES;
				CLANG_WARN_OBJC_ROOT_CLASS = YES_ERROR;
				CLANG_WARN_UNREACHABLE_CODE = YES;
				CLANG_WARN__DUPLICATE_METHOD_MATCH = YES;
				"CODE_SIGN_IDENTITY[sdk=iphoneos*]" = "iPhone Developer";
				COPY_PHASE_STRIP = NO;
				DEBUG_INFORMATION_FORMAT = "dwarf-with-dsym";
				ENABLE_NS_ASSERTIONS = NO;
				ENABLE_STRICT_OBJC_MSGSEND = YES;
				GCC_C_LANGUAGE_STANDARD = gnu99;
				GCC_NO_COMMON_BLOCKS = YES;
				GCC_WARN_64_TO_32_BIT_CONVERSION = YES;
				GCC_WARN_ABOUT_RETURN_TYPE = YES_ERROR;
				GCC_WARN_UNDECLARED_SELECTOR = YES;
				GCC_WARN_UNINITIALIZED_AUTOS = YES_AGGRESSIVE;
				GCC_WARN_UNUSED_FUNCTION = YES;
				GCC_WARN_UNUSED_VARIABLE = YES;
				IPHONEOS_DEPLOYMENT_TARGET = 8.0;
				MTL_ENABLE_DEBUG_INFO = NO;
				SDKROOT = iphoneos;
				TARGETED_DEVICE_FAMILY = "1,2";
				VALIDATE_PRODUCT = YES;
			};
			name = Release;
		};
		24292AC61CE57CE9002EFA38 /* Debug */ = {
			isa = XCBuildConfiguration;
			buildSettings = {
				ASSETCATALOG_COMPILER_APPICON_NAME = AppIcon;
				INFOPLIST_FILE = SZPresentControllerDemo/Info.plist;
				LD_RUNPATH_SEARCH_PATHS = "$(inherited) @executable_path/Frameworks";
				PRODUCT_BUNDLE_IDENTIFIER = com.shengzhichen.SZPresentControllerDemo;
				PRODUCT_NAME = "$(TARGET_NAME)";
			};
			name = Debug;
		};
		24292AC71CE57CE9002EFA38 /* Release */ = {
			isa = XCBuildConfiguration;
			buildSettings = {
				ASSETCATALOG_COMPILER_APPICON_NAME = AppIcon;
				INFOPLIST_FILE = SZPresentControllerDemo/Info.plist;
				LD_RUNPATH_SEARCH_PATHS = "$(inherited) @executable_path/Frameworks";
				PRODUCT_BUNDLE_IDENTIFIER = com.shengzhichen.SZPresentControllerDemo;
				PRODUCT_NAME = "$(TARGET_NAME)";
			};
			name = Release;
		};
		24292AC91CE57CE9002EFA38 /* Debug */ = {
			isa = XCBuildConfiguration;
			buildSettings = {
				BUNDLE_LOADER = "$(TEST_HOST)";
				INFOPLIST_FILE = SZPresentControllerDemoTests/Info.plist;
				LD_RUNPATH_SEARCH_PATHS = "$(inherited) @executable_path/Frameworks @loader_path/Frameworks";
				PRODUCT_BUNDLE_IDENTIFIER = com.shengzhichen.SZPresentControllerDemoTests;
				PRODUCT_NAME = "$(TARGET_NAME)";
				TEST_HOST = "$(BUILT_PRODUCTS_DIR)/SZPresentControllerDemo.app/SZPresentControllerDemo";
			};
			name = Debug;
		};
		24292ACA1CE57CE9002EFA38 /* Release */ = {
			isa = XCBuildConfiguration;
			buildSettings = {
				BUNDLE_LOADER = "$(TEST_HOST)";
				INFOPLIST_FILE = SZPresentControllerDemoTests/Info.plist;
				LD_RUNPATH_SEARCH_PATHS = "$(inherited) @executable_path/Frameworks @loader_path/Frameworks";
				PRODUCT_BUNDLE_IDENTIFIER = com.shengzhichen.SZPresentControllerDemoTests;
				PRODUCT_NAME = "$(TARGET_NAME)";
				TEST_HOST = "$(BUILT_PRODUCTS_DIR)/SZPresentControllerDemo.app/SZPresentControllerDemo";
			};
			name = Release;
		};
		24292ACC1CE57CE9002EFA38 /* Debug */ = {
			isa = XCBuildConfiguration;
			buildSettings = {
				INFOPLIST_FILE = SZPresentControllerDemoUITests/Info.plist;
				LD_RUNPATH_SEARCH_PATHS = "$(inherited) @executable_path/Frameworks @loader_path/Frameworks";
				PRODUCT_BUNDLE_IDENTIFIER = com.shengzhichen.SZPresentControllerDemoUITests;
				PRODUCT_NAME = "$(TARGET_NAME)";
				TEST_TARGET_NAME = SZPresentControllerDemo;
			};
			name = Debug;
		};
		24292ACD1CE57CE9002EFA38 /* Release */ = {
			isa = XCBuildConfiguration;
			buildSettings = {
				INFOPLIST_FILE = SZPresentControllerDemoUITests/Info.plist;
				LD_RUNPATH_SEARCH_PATHS = "$(inherited) @executable_path/Frameworks @loader_path/Frameworks";
				PRODUCT_BUNDLE_IDENTIFIER = com.shengzhichen.SZPresentControllerDemoUITests;
				PRODUCT_NAME = "$(TARGET_NAME)";
				TEST_TARGET_NAME = SZPresentControllerDemo;
			};
			name = Release;
		};
/* End XCBuildConfiguration section */

/* Begin XCConfigurationList section */
		24292A931CE57CE9002EFA38 /* Build configuration list for PBXProject "SZPresentControllerDemo" */ = {
			isa = XCConfigurationList;
			buildConfigurations = (
				24292AC31CE57CE9002EFA38 /* Debug */,
				24292AC41CE57CE9002EFA38 /* Release */,
			);
			defaultConfigurationIsVisible = 0;
			defaultConfigurationName = Release;
		};
		24292AC51CE57CE9002EFA38 /* Build configuration list for PBXNativeTarget "SZPresentControllerDemo" */ = {
			isa = XCConfigurationList;
			buildConfigurations = (
				24292AC61CE57CE9002EFA38 /* Debug */,
				24292AC71CE57CE9002EFA38 /* Release */,
			);
			defaultConfigurationIsVisible = 0;
			defaultConfigurationName = Release;
		};
		24292AC81CE57CE9002EFA38 /* Build configuration list for PBXNativeTarget "SZPresentControllerDemoTests" */ = {
			isa = XCConfigurationList;
			buildConfigurations = (
				24292AC91CE57CE9002EFA38 /* Debug */,
				24292ACA1CE57CE9002EFA38 /* Release */,
			);
			defaultConfigurationIsVisible = 0;
			defaultConfigurationName = Release;
		};
		24292ACB1CE57CE9002EFA38 /* Build configuration list for PBXNativeTarget "SZPresentControllerDemoUITests" */ = {
			isa = XCConfigurationList;
			buildConfigurations = (
				24292ACC1CE57CE9002EFA38 /* Debug */,
				24292ACD1CE57CE9002EFA38 /* Release */,
			);
			defaultConfigurationIsVisible = 0;
			defaultConfigurationName = Release;
		};
/* End XCConfigurationList section */
	};
	rootObject = 24292A901CE57CE9002EFA38 /* Project object */;
}
